PODS:
  - MZAppearance (1.1.5)
  - MZFormSheetController (3.0.3):
    - MZAppearance
    - MZFormSheetController/Core
  - MZFormSheetController/Core (3.0.3):
    - MZAppearance

DEPENDENCIES:
  - MZFormSheetController

SPEC CHECKSUMS:
  MZAppearance: 6e9dc64e42074c0a19812a327f590746c3283bab
  MZFormSheetController: 36771856696eeef2eaec9b18c75791d3c95cb661

COCOAPODS: 0.34.4
