// !$*UTF8*$!
{
	archiveVersion = 1;
	classes = {
	};
	objectVersion = 46;
	objects = {

/* Begin PBXBuildFile section */
		265F0C4890C05B32FBE1721C /* libPods-RemindToStudy.a in Frameworks */ = {isa = PBXBuildFile; fileRef = 6FE4C267658231E28DE0D918 /* libPods-RemindToStudy.a */; };
		FD0F885F1AE424490068B03A /* main.m in Sources */ = {isa = PBXBuildFile; fileRef = FD0F885E1AE424490068B03A /* main.m */; };
		FD0F88621AE424490068B03A /* AppDelegate.m in Sources */ = {isa = PBXBuildFile; fileRef = FD0F88611AE424490068B03A /* AppDelegate.m */; };
		FD0F88681AE424490068B03A /* Main.storyboard in Resources */ = {isa = PBXBuildFile; fileRef = FD0F88661AE424490068B03A /* Main.storyboard */; };
		FD0F886A1AE424490068B03A /* Images.xcassets in Resources */ = {isa = PBXBuildFile; fileRef = FD0F88691AE424490068B03A /* Images.xcassets */; };
		FD0F886D1AE424490068B03A /* LaunchScreen.xib in Resources */ = {isa = PBXBuildFile; fileRef = FD0F886B1AE424490068B03A /* LaunchScreen.xib */; };
		FD0F88791AE424490068B03A /* RemindToStudyTests.m in Sources */ = {isa = PBXBuildFile; fileRef = FD0F88781AE424490068B03A /* RemindToStudyTests.m */; };
		FD0F88881AE424DA0068B03A /* CardListViewController.m in Sources */ = {isa = PBXBuildFile; fileRef = FD0F88871AE424DA0068B03A /* CardListViewController.m */; };
		FD0F888B1AE425220068B03A /* CardViewController.m in Sources */ = {isa = PBXBuildFile; fileRef = FD0F888A1AE425220068B03A /* CardViewController.m */; };
		FD0F888E1AE425E40068B03A /* RemindToStudy.xcdatamodeld in Sources */ = {isa = PBXBuildFile; fileRef = FD0F888C1AE425E40068B03A /* RemindToStudy.xcdatamodeld */; };
		FD0F88A71AE429060068B03A /* AddCardPopup.m in Sources */ = {isa = PBXBuildFile; fileRef = FD0F88A51AE429060068B03A /* AddCardPopup.m */; };
		FD0F88AC1AE429180068B03A /* EditCardPopup.m in Sources */ = {isa = PBXBuildFile; fileRef = FD0F88AA1AE429180068B03A /* EditCardPopup.m */; };
		FD0F88B11AE429420068B03A /* SetNotificationDatePopup.m in Sources */ = {isa = PBXBuildFile; fileRef = FD0F88AF1AE429420068B03A /* SetNotificationDatePopup.m */; };
		FD0F88BC1AE42B440068B03A /* QuartzCore.framework in Frameworks */ = {isa = PBXBuildFile; fileRef = FD0F88BB1AE42B440068B03A /* QuartzCore.framework */; };
		FD0F88BE1AE42B480068B03A /* Accelerate.framework in Frameworks */ = {isa = PBXBuildFile; fileRef = FD0F88BD1AE42B480068B03A /* Accelerate.framework */; };
		FD0F88C01AE42B4D0068B03A /* UIKit.framework in Frameworks */ = {isa = PBXBuildFile; fileRef = FD0F88BF1AE42B4D0068B03A /* UIKit.framework */; };
		FD0F88C21AE42B560068B03A /* Foundation.framework in Frameworks */ = {isa = PBXBuildFile; fileRef = FD0F88C11AE42B560068B03A /* Foundation.framework */; };
		FD0F88C41AE42B5B0068B03A /* CoreData.framework in Frameworks */ = {isa = PBXBuildFile; fileRef = FD0F88C31AE42B5B0068B03A /* CoreData.framework */; };
		FD0F88C91AE42D370068B03A /* CardSaverImplementation.m in Sources */ = {isa = PBXBuildFile; fileRef = FD0F88C81AE42D370068B03A /* CardSaverImplementation.m */; };
		FD0F88CC1AE42D4F0068B03A /* CardLoaderImplementation.m in Sources */ = {isa = PBXBuildFile; fileRef = FD0F88CB1AE42D4F0068B03A /* CardLoaderImplementation.m */; };
		FD0F88DB1AE42E460068B03A /* TextCardEditor.m in Sources */ = {isa = PBXBuildFile; fileRef = FD0F88DA1AE42E460068B03A /* TextCardEditor.m */; };
		FD54405F1AF3A8DE0068D644 /* BKAlertNotifier.m in Sources */ = {isa = PBXBuildFile; fileRef = FD54404E1AF3A8DE0068D644 /* BKAlertNotifier.m */; };
		FD5440601AF3A8DE0068D644 /* BKNotificationCanceler.m in Sources */ = {isa = PBXBuildFile; fileRef = FD5440501AF3A8DE0068D644 /* BKNotificationCanceler.m */; };
		FD5440611AF3A8DE0068D644 /* BKNotificationCenterImp.m in Sources */ = {isa = PBXBuildFile; fileRef = FD5440521AF3A8DE0068D644 /* BKNotificationCenterImp.m */; };
		FD5440621AF3A8DE0068D644 /* BKNotificationRefresher.m in Sources */ = {isa = PBXBuildFile; fileRef = FD5440541AF3A8DE0068D644 /* BKNotificationRefresher.m */; };
		FD5440631AF3A8DE0068D644 /* BKNotificationScheduler.m in Sources */ = {isa = PBXBuildFile; fileRef = FD5440561AF3A8DE0068D644 /* BKNotificationScheduler.m */; };
		FD5440641AF3A8DE0068D644 /* BKNotificationUtilities.m in Sources */ = {isa = PBXBuildFile; fileRef = FD5440581AF3A8DE0068D644 /* BKNotificationUtilities.m */; };
		FD5440651AF3A8DE0068D644 /* BKSoundNotifier.m in Sources */ = {isa = PBXBuildFile; fileRef = FD54405A1AF3A8DE0068D644 /* BKSoundNotifier.m */; };
		FD5440671AF3A8DE0068D644 /* notification_sound.caf in Resources */ = {isa = PBXBuildFile; fileRef = FD54405E1AF3A8DE0068D644 /* notification_sound.caf */; };
		FD54406E1AF3A92A0068D644 /* BKTextFieldKeyboardHider.m in Sources */ = {isa = PBXBuildFile; fileRef = FD54406B1AF3A92A0068D644 /* BKTextFieldKeyboardHider.m */; };
		FD54406F1AF3A92A0068D644 /* BKTextViewKeyboardHider.m in Sources */ = {isa = PBXBuildFile; fileRef = FD54406D1AF3A92A0068D644 /* BKTextViewKeyboardHider.m */; };
		FD5440731AF40BF20068D644 /* NotificationHandler.m in Sources */ = {isa = PBXBuildFile; fileRef = FD5440721AF40BF20068D644 /* NotificationHandler.m */; };
		FD5440791AF510E30068D644 /* TextCardViewer.m in Sources */ = {isa = PBXBuildFile; fileRef = FD5440781AF510E30068D644 /* TextCardViewer.m */; };
		FD54407C1AF510F10068D644 /* CardViewerFactory.m in Sources */ = {isa = PBXBuildFile; fileRef = FD54407B1AF510F10068D644 /* CardViewerFactory.m */; };
		FD7706B41AEE6AC700790B7D /* NotificationCenter.m in Sources */ = {isa = PBXBuildFile; fileRef = FD7706B31AEE6AC700790B7D /* NotificationCenter.m */; };
		FD7AB2821AE81392005A4F4B /* DBManager.m in Sources */ = {isa = PBXBuildFile; fileRef = FD7AB2811AE81392005A4F4B /* DBManager.m */; };
		FD7AB2B51AE81657005A4F4B /* CardsFactory.m in Sources */ = {isa = PBXBuildFile; fileRef = FD7AB2B41AE81657005A4F4B /* CardsFactory.m */; };
		FD7AB2C71AE81E95005A4F4B /* AudioCard.m in Sources */ = {isa = PBXBuildFile; fileRef = FD7AB2B81AE81E95005A4F4B /* AudioCard.m */; };
		FD7AB2C81AE81E95005A4F4B /* Card.m in Sources */ = {isa = PBXBuildFile; fileRef = FD7AB2BA1AE81E95005A4F4B /* Card.m */; };
		FD7AB2C91AE81E95005A4F4B /* GroupCard.m in Sources */ = {isa = PBXBuildFile; fileRef = FD7AB2BC1AE81E95005A4F4B /* GroupCard.m */; };
		FD7AB2CA1AE81E95005A4F4B /* LinkCard.m in Sources */ = {isa = PBXBuildFile; fileRef = FD7AB2BE1AE81E95005A4F4B /* LinkCard.m */; };
		FD7AB2CB1AE81E95005A4F4B /* Notification.m in Sources */ = {isa = PBXBuildFile; fileRef = FD7AB2C01AE81E95005A4F4B /* Notification.m */; };
		FD7AB2CC1AE81E95005A4F4B /* PDFCard.m in Sources */ = {isa = PBXBuildFile; fileRef = FD7AB2C21AE81E95005A4F4B /* PDFCard.m */; };
		FD7AB2CD1AE81E95005A4F4B /* TextCard.m in Sources */ = {isa = PBXBuildFile; fileRef = FD7AB2C41AE81E95005A4F4B /* TextCard.m */; };
		FD7AB2CE1AE81E95005A4F4B /* VideoCard.m in Sources */ = {isa = PBXBuildFile; fileRef = FD7AB2C61AE81E95005A4F4B /* VideoCard.m */; };
		FD7AB2D21AE81EB0005A4F4B /* TextCardAdder.m in Sources */ = {isa = PBXBuildFile; fileRef = FD7AB2D11AE81EB0005A4F4B /* TextCardAdder.m */; };
		FD7AB2D81AE8C6D7005A4F4B /* CardAdderFactory.m in Sources */ = {isa = PBXBuildFile; fileRef = FD7AB2D71AE8C6D7005A4F4B /* CardAdderFactory.m */; };
		FD7AB2DD1AE8CE16005A4F4B /* iCarousel.m in Sources */ = {isa = PBXBuildFile; fileRef = FD7AB2DC1AE8CE16005A4F4B /* iCarousel.m */; };
		FD8D4BFE1AE8D74F004C3C53 /* CardView.m in Sources */ = {isa = PBXBuildFile; fileRef = FD8D4BFD1AE8D74F004C3C53 /* CardView.m */; };
		FD8D4C001AE8D767004C3C53 /* CardView.xib in Resources */ = {isa = PBXBuildFile; fileRef = FD8D4BFF1AE8D767004C3C53 /* CardView.xib */; };
/* End PBXBuildFile section */

/* Begin PBXContainerItemProxy section */
		FD0F88731AE424490068B03A /* PBXContainerItemProxy */ = {
			isa = PBXContainerItemProxy;
			containerPortal = FD0F88511AE424490068B03A /* Project object */;
			proxyType = 1;
			remoteGlobalIDString = FD0F88581AE424490068B03A;
			remoteInfo = RemindToStudy;
		};
/* End PBXContainerItemProxy section */

/* Begin PBXFileReference section */
		6E5E81804DE582639E861563 /* Pods-RemindToStudy.debug.xcconfig */ = {isa = PBXFileReference; includeInIndex = 1; lastKnownFileType = text.xcconfig; name = "Pods-RemindToStudy.debug.xcconfig"; path = "Pods/Target Support Files/Pods-RemindToStudy/Pods-RemindToStudy.debug.xcconfig"; sourceTree = "<group>"; };
		6FE4C267658231E28DE0D918 /* libPods-RemindToStudy.a */ = {isa = PBXFileReference; explicitFileType = archive.ar; includeInIndex = 0; path = "libPods-RemindToStudy.a"; sourceTree = BUILT_PRODUCTS_DIR; };
		AD9F000E1FB55B3C738E80D8 /* Pods-RemindToStudy.release.xcconfig */ = {isa = PBXFileReference; includeInIndex = 1; lastKnownFileType = text.xcconfig; name = "Pods-RemindToStudy.release.xcconfig"; path = "Pods/Target Support Files/Pods-RemindToStudy/Pods-RemindToStudy.release.xcconfig"; sourceTree = "<group>"; };
		FD0F88591AE424490068B03A /* RemindToStudy.app */ = {isa = PBXFileReference; explicitFileType = wrapper.application; includeInIndex = 0; path = RemindToStudy.app; sourceTree = BUILT_PRODUCTS_DIR; };
		FD0F885D1AE424490068B03A /* Info.plist */ = {isa = PBXFileReference; lastKnownFileType = text.plist.xml; path = Info.plist; sourceTree = "<group>"; };
		FD0F885E1AE424490068B03A /* main.m */ = {isa = PBXFileReference; lastKnownFileType = sourcecode.c.objc; path = main.m; sourceTree = "<group>"; };
		FD0F88601AE424490068B03A /* AppDelegate.h */ = {isa = PBXFileReference; lastKnownFileType = sourcecode.c.h; path = AppDelegate.h; sourceTree = "<group>"; };
		FD0F88611AE424490068B03A /* AppDelegate.m */ = {isa = PBXFileReference; lastKnownFileType = sourcecode.c.objc; path = AppDelegate.m; sourceTree = "<group>"; };
		FD0F88671AE424490068B03A /* Base */ = {isa = PBXFileReference; lastKnownFileType = file.storyboard; name = Base; path = Base.lproj/Main.storyboard; sourceTree = "<group>"; };
		FD0F88691AE424490068B03A /* Images.xcassets */ = {isa = PBXFileReference; lastKnownFileType = folder.assetcatalog; path = Images.xcassets; sourceTree = "<group>"; };
		FD0F886C1AE424490068B03A /* Base */ = {isa = PBXFileReference; lastKnownFileType = file.xib; name = Base; path = Base.lproj/LaunchScreen.xib; sourceTree = "<group>"; };
		FD0F88721AE424490068B03A /* RemindToStudyTests.xctest */ = {isa = PBXFileReference; explicitFileType = wrapper.cfbundle; includeInIndex = 0; path = RemindToStudyTests.xctest; sourceTree = BUILT_PRODUCTS_DIR; };
		FD0F88771AE424490068B03A /* Info.plist */ = {isa = PBXFileReference; lastKnownFileType = text.plist.xml; path = Info.plist; sourceTree = "<group>"; };
		FD0F88781AE424490068B03A /* RemindToStudyTests.m */ = {isa = PBXFileReference; lastKnownFileType = sourcecode.c.objc; path = RemindToStudyTests.m; sourceTree = "<group>"; };
		FD0F88861AE424DA0068B03A /* CardListViewController.h */ = {isa = PBXFileReference; fileEncoding = 4; lastKnownFileType = sourcecode.c.h; path = CardListViewController.h; sourceTree = "<group>"; };
		FD0F88871AE424DA0068B03A /* CardListViewController.m */ = {isa = PBXFileReference; fileEncoding = 4; lastKnownFileType = sourcecode.c.objc; path = CardListViewController.m; sourceTree = "<group>"; };
		FD0F88891AE425220068B03A /* CardViewController.h */ = {isa = PBXFileReference; fileEncoding = 4; lastKnownFileType = sourcecode.c.h; path = CardViewController.h; sourceTree = "<group>"; };
		FD0F888A1AE425220068B03A /* CardViewController.m */ = {isa = PBXFileReference; fileEncoding = 4; lastKnownFileType = sourcecode.c.objc; path = CardViewController.m; sourceTree = "<group>"; };
		FD0F888D1AE425E40068B03A /* RemindToStudy.xcdatamodel */ = {isa = PBXFileReference; lastKnownFileType = wrapper.xcdatamodel; path = RemindToStudy.xcdatamodel; sourceTree = "<group>"; };
		FD0F88A41AE429060068B03A /* AddCardPopup.h */ = {isa = PBXFileReference; fileEncoding = 4; lastKnownFileType = sourcecode.c.h; path = AddCardPopup.h; sourceTree = "<group>"; };
		FD0F88A51AE429060068B03A /* AddCardPopup.m */ = {isa = PBXFileReference; fileEncoding = 4; lastKnownFileType = sourcecode.c.objc; path = AddCardPopup.m; sourceTree = "<group>"; };
		FD0F88A91AE429180068B03A /* EditCardPopup.h */ = {isa = PBXFileReference; fileEncoding = 4; lastKnownFileType = sourcecode.c.h; path = EditCardPopup.h; sourceTree = "<group>"; };
		FD0F88AA1AE429180068B03A /* EditCardPopup.m */ = {isa = PBXFileReference; fileEncoding = 4; lastKnownFileType = sourcecode.c.objc; path = EditCardPopup.m; sourceTree = "<group>"; };
		FD0F88AE1AE429420068B03A /* SetNotificationDatePopup.h */ = {isa = PBXFileReference; fileEncoding = 4; lastKnownFileType = sourcecode.c.h; path = SetNotificationDatePopup.h; sourceTree = "<group>"; };
		FD0F88AF1AE429420068B03A /* SetNotificationDatePopup.m */ = {isa = PBXFileReference; fileEncoding = 4; lastKnownFileType = sourcecode.c.objc; path = SetNotificationDatePopup.m; sourceTree = "<group>"; };
		FD0F88B61AE429A60068B03A /* CardSaver.h */ = {isa = PBXFileReference; lastKnownFileType = sourcecode.c.h; path = CardSaver.h; sourceTree = "<group>"; };
		FD0F88B71AE429B50068B03A /* CardLoader.h */ = {isa = PBXFileReference; lastKnownFileType = sourcecode.c.h; path = CardLoader.h; sourceTree = "<group>"; };
		FD0F88B81AE429CB0068B03A /* CardEditor.h */ = {isa = PBXFileReference; lastKnownFileType = sourcecode.c.h; name = CardEditor.h; path = ../model/CardEditor.h; sourceTree = "<group>"; };
		FD0F88B91AE429FF0068B03A /* CardAdder.h */ = {isa = PBXFileReference; lastKnownFileType = sourcecode.c.h; path = CardAdder.h; sourceTree = "<group>"; };
		FD0F88BA1AE42A2D0068B03A /* CardViewer.h */ = {isa = PBXFileReference; lastKnownFileType = sourcecode.c.h; path = CardViewer.h; sourceTree = "<group>"; };
		FD0F88BB1AE42B440068B03A /* QuartzCore.framework */ = {isa = PBXFileReference; lastKnownFileType = wrapper.framework; name = QuartzCore.framework; path = System/Library/Frameworks/QuartzCore.framework; sourceTree = SDKROOT; };
		FD0F88BD1AE42B480068B03A /* Accelerate.framework */ = {isa = PBXFileReference; lastKnownFileType = wrapper.framework; name = Accelerate.framework; path = System/Library/Frameworks/Accelerate.framework; sourceTree = SDKROOT; };
		FD0F88BF1AE42B4D0068B03A /* UIKit.framework */ = {isa = PBXFileReference; lastKnownFileType = wrapper.framework; name = UIKit.framework; path = System/Library/Frameworks/UIKit.framework; sourceTree = SDKROOT; };
		FD0F88C11AE42B560068B03A /* Foundation.framework */ = {isa = PBXFileReference; lastKnownFileType = wrapper.framework; name = Foundation.framework; path = System/Library/Frameworks/Foundation.framework; sourceTree = SDKROOT; };
		FD0F88C31AE42B5B0068B03A /* CoreData.framework */ = {isa = PBXFileReference; lastKnownFileType = wrapper.framework; name = CoreData.framework; path = System/Library/Frameworks/CoreData.framework; sourceTree = SDKROOT; };
		FD0F88C71AE42D370068B03A /* CardSaverImplementation.h */ = {isa = PBXFileReference; fileEncoding = 4; lastKnownFileType = sourcecode.c.h; path = CardSaverImplementation.h; sourceTree = "<group>"; };
		FD0F88C81AE42D370068B03A /* CardSaverImplementation.m */ = {isa = PBXFileReference; fileEncoding = 4; lastKnownFileType = sourcecode.c.objc; path = CardSaverImplementation.m; sourceTree = "<group>"; };
		FD0F88CA1AE42D4F0068B03A /* CardLoaderImplementation.h */ = {isa = PBXFileReference; fileEncoding = 4; lastKnownFileType = sourcecode.c.h; path = CardLoaderImplementation.h; sourceTree = "<group>"; };
		FD0F88CB1AE42D4F0068B03A /* CardLoaderImplementation.m */ = {isa = PBXFileReference; fileEncoding = 4; lastKnownFileType = sourcecode.c.objc; path = CardLoaderImplementation.m; sourceTree = "<group>"; };
		FD0F88D91AE42E460068B03A /* TextCardEditor.h */ = {isa = PBXFileReference; fileEncoding = 4; lastKnownFileType = sourcecode.c.h; path = TextCardEditor.h; sourceTree = "<group>"; };
		FD0F88DA1AE42E460068B03A /* TextCardEditor.m */ = {isa = PBXFileReference; fileEncoding = 4; lastKnownFileType = sourcecode.c.objc; path = TextCardEditor.m; sourceTree = "<group>"; };
		FD54404B1AF3A8DE0068D644 /* BKNotificationCenter.h */ = {isa = PBXFileReference; fileEncoding = 4; lastKnownFileType = sourcecode.c.h; path = BKNotificationCenter.h; sourceTree = "<group>"; };
		FD54404D1AF3A8DE0068D644 /* BKAlertNotifier.h */ = {isa = PBXFileReference; fileEncoding = 4; lastKnownFileType = sourcecode.c.h; path = BKAlertNotifier.h; sourceTree = "<group>"; };
		FD54404E1AF3A8DE0068D644 /* BKAlertNotifier.m */ = {isa = PBXFileReference; fileEncoding = 4; lastKnownFileType = sourcecode.c.objc; path = BKAlertNotifier.m; sourceTree = "<group>"; };
		FD54404F1AF3A8DE0068D644 /* BKNotificationCanceler.h */ = {isa = PBXFileReference; fileEncoding = 4; lastKnownFileType = sourcecode.c.h; path = BKNotificationCanceler.h; sourceTree = "<group>"; };
		FD5440501AF3A8DE0068D644 /* BKNotificationCanceler.m */ = {isa = PBXFileReference; fileEncoding = 4; lastKnownFileType = sourcecode.c.objc; path = BKNotificationCanceler.m; sourceTree = "<group>"; };
		FD5440511AF3A8DE0068D644 /* BKNotificationCenterImp.h */ = {isa = PBXFileReference; fileEncoding = 4; lastKnownFileType = sourcecode.c.h; path = BKNotificationCenterImp.h; sourceTree = "<group>"; };
		FD5440521AF3A8DE0068D644 /* BKNotificationCenterImp.m */ = {isa = PBXFileReference; fileEncoding = 4; lastKnownFileType = sourcecode.c.objc; path = BKNotificationCenterImp.m; sourceTree = "<group>"; };
		FD5440531AF3A8DE0068D644 /* BKNotificationRefresher.h */ = {isa = PBXFileReference; fileEncoding = 4; lastKnownFileType = sourcecode.c.h; path = BKNotificationRefresher.h; sourceTree = "<group>"; };
		FD5440541AF3A8DE0068D644 /* BKNotificationRefresher.m */ = {isa = PBXFileReference; fileEncoding = 4; lastKnownFileType = sourcecode.c.objc; path = BKNotificationRefresher.m; sourceTree = "<group>"; };
		FD5440551AF3A8DE0068D644 /* BKNotificationScheduler.h */ = {isa = PBXFileReference; fileEncoding = 4; lastKnownFileType = sourcecode.c.h; path = BKNotificationScheduler.h; sourceTree = "<group>"; };
		FD5440561AF3A8DE0068D644 /* BKNotificationScheduler.m */ = {isa = PBXFileReference; fileEncoding = 4; lastKnownFileType = sourcecode.c.objc; path = BKNotificationScheduler.m; sourceTree = "<group>"; };
		FD5440571AF3A8DE0068D644 /* BKNotificationUtilities.h */ = {isa = PBXFileReference; fileEncoding = 4; lastKnownFileType = sourcecode.c.h; path = BKNotificationUtilities.h; sourceTree = "<group>"; };
		FD5440581AF3A8DE0068D644 /* BKNotificationUtilities.m */ = {isa = PBXFileReference; fileEncoding = 4; lastKnownFileType = sourcecode.c.objc; path = BKNotificationUtilities.m; sourceTree = "<group>"; };
		FD5440591AF3A8DE0068D644 /* BKSoundNotifier.h */ = {isa = PBXFileReference; fileEncoding = 4; lastKnownFileType = sourcecode.c.h; path = BKSoundNotifier.h; sourceTree = "<group>"; };
		FD54405A1AF3A8DE0068D644 /* BKSoundNotifier.m */ = {isa = PBXFileReference; fileEncoding = 4; lastKnownFileType = sourcecode.c.objc; path = BKSoundNotifier.m; sourceTree = "<group>"; };
		FD54405B1AF3A8DE0068D644 /* Blocks.h */ = {isa = PBXFileReference; fileEncoding = 4; lastKnownFileType = sourcecode.c.h; path = Blocks.h; sourceTree = "<group>"; };
		FD54405E1AF3A8DE0068D644 /* notification_sound.caf */ = {isa = PBXFileReference; lastKnownFileType = file; path = notification_sound.caf; sourceTree = "<group>"; };
		FD54406A1AF3A92A0068D644 /* BKTextFieldKeyboardHider.h */ = {isa = PBXFileReference; fileEncoding = 4; lastKnownFileType = sourcecode.c.h; path = BKTextFieldKeyboardHider.h; sourceTree = "<group>"; };
		FD54406B1AF3A92A0068D644 /* BKTextFieldKeyboardHider.m */ = {isa = PBXFileReference; fileEncoding = 4; lastKnownFileType = sourcecode.c.objc; path = BKTextFieldKeyboardHider.m; sourceTree = "<group>"; };
		FD54406C1AF3A92A0068D644 /* BKTextViewKeyboardHider.h */ = {isa = PBXFileReference; fileEncoding = 4; lastKnownFileType = sourcecode.c.h; path = BKTextViewKeyboardHider.h; sourceTree = "<group>"; };
		FD54406D1AF3A92A0068D644 /* BKTextViewKeyboardHider.m */ = {isa = PBXFileReference; fileEncoding = 4; lastKnownFileType = sourcecode.c.objc; path = BKTextViewKeyboardHider.m; sourceTree = "<group>"; };
		FD5440711AF40BF20068D644 /* NotificationHandler.h */ = {isa = PBXFileReference; fileEncoding = 4; lastKnownFileType = sourcecode.c.h; path = NotificationHandler.h; sourceTree = "<group>"; };
		FD5440721AF40BF20068D644 /* NotificationHandler.m */ = {isa = PBXFileReference; fileEncoding = 4; lastKnownFileType = sourcecode.c.objc; path = NotificationHandler.m; sourceTree = "<group>"; };
		FD5440741AF40ED60068D644 /* Constants.h */ = {isa = PBXFileReference; lastKnownFileType = sourcecode.c.h; path = Constants.h; sourceTree = "<group>"; };
		FD5440771AF510E30068D644 /* TextCardViewer.h */ = {isa = PBXFileReference; fileEncoding = 4; lastKnownFileType = sourcecode.c.h; path = TextCardViewer.h; sourceTree = "<group>"; };
		FD5440781AF510E30068D644 /* TextCardViewer.m */ = {isa = PBXFileReference; fileEncoding = 4; lastKnownFileType = sourcecode.c.objc; path = TextCardViewer.m; sourceTree = "<group>"; };
		FD54407A1AF510F10068D644 /* CardViewerFactory.h */ = {isa = PBXFileReference; fileEncoding = 4; lastKnownFileType = sourcecode.c.h; path = CardViewerFactory.h; sourceTree = "<group>"; };
		FD54407B1AF510F10068D644 /* CardViewerFactory.m */ = {isa = PBXFileReference; fileEncoding = 4; lastKnownFileType = sourcecode.c.objc; path = CardViewerFactory.m; sourceTree = "<group>"; };
		FD7706B21AEE6AC700790B7D /* NotificationCenter.h */ = {isa = PBXFileReference; fileEncoding = 4; lastKnownFileType = sourcecode.c.h; path = NotificationCenter.h; sourceTree = "<group>"; };
		FD7706B31AEE6AC700790B7D /* NotificationCenter.m */ = {isa = PBXFileReference; fileEncoding = 4; lastKnownFileType = sourcecode.c.objc; path = NotificationCenter.m; sourceTree = "<group>"; };
		FD7AB2801AE81392005A4F4B /* DBManager.h */ = {isa = PBXFileReference; fileEncoding = 4; lastKnownFileType = sourcecode.c.h; path = DBManager.h; sourceTree = "<group>"; };
		FD7AB2811AE81392005A4F4B /* DBManager.m */ = {isa = PBXFileReference; fileEncoding = 4; lastKnownFileType = sourcecode.c.objc; path = DBManager.m; sourceTree = "<group>"; };
		FD7AB2B31AE81657005A4F4B /* CardsFactory.h */ = {isa = PBXFileReference; fileEncoding = 4; lastKnownFileType = sourcecode.c.h; path = CardsFactory.h; sourceTree = "<group>"; };
		FD7AB2B41AE81657005A4F4B /* CardsFactory.m */ = {isa = PBXFileReference; fileEncoding = 4; lastKnownFileType = sourcecode.c.objc; path = CardsFactory.m; sourceTree = "<group>"; };
		FD7AB2B71AE81E95005A4F4B /* AudioCard.h */ = {isa = PBXFileReference; fileEncoding = 4; lastKnownFileType = sourcecode.c.h; path = AudioCard.h; sourceTree = "<group>"; };
		FD7AB2B81AE81E95005A4F4B /* AudioCard.m */ = {isa = PBXFileReference; fileEncoding = 4; lastKnownFileType = sourcecode.c.objc; path = AudioCard.m; sourceTree = "<group>"; };
		FD7AB2B91AE81E95005A4F4B /* Card.h */ = {isa = PBXFileReference; fileEncoding = 4; lastKnownFileType = sourcecode.c.h; path = Card.h; sourceTree = "<group>"; };
		FD7AB2BA1AE81E95005A4F4B /* Card.m */ = {isa = PBXFileReference; fileEncoding = 4; lastKnownFileType = sourcecode.c.objc; path = Card.m; sourceTree = "<group>"; };
		FD7AB2BB1AE81E95005A4F4B /* GroupCard.h */ = {isa = PBXFileReference; fileEncoding = 4; lastKnownFileType = sourcecode.c.h; path = GroupCard.h; sourceTree = "<group>"; };
		FD7AB2BC1AE81E95005A4F4B /* GroupCard.m */ = {isa = PBXFileReference; fileEncoding = 4; lastKnownFileType = sourcecode.c.objc; path = GroupCard.m; sourceTree = "<group>"; };
		FD7AB2BD1AE81E95005A4F4B /* LinkCard.h */ = {isa = PBXFileReference; fileEncoding = 4; lastKnownFileType = sourcecode.c.h; path = LinkCard.h; sourceTree = "<group>"; };
		FD7AB2BE1AE81E95005A4F4B /* LinkCard.m */ = {isa = PBXFileReference; fileEncoding = 4; lastKnownFileType = sourcecode.c.objc; path = LinkCard.m; sourceTree = "<group>"; };
		FD7AB2BF1AE81E95005A4F4B /* Notification.h */ = {isa = PBXFileReference; fileEncoding = 4; lastKnownFileType = sourcecode.c.h; path = Notification.h; sourceTree = "<group>"; };
		FD7AB2C01AE81E95005A4F4B /* Notification.m */ = {isa = PBXFileReference; fileEncoding = 4; lastKnownFileType = sourcecode.c.objc; path = Notification.m; sourceTree = "<group>"; };
		FD7AB2C11AE81E95005A4F4B /* PDFCard.h */ = {isa = PBXFileReference; fileEncoding = 4; lastKnownFileType = sourcecode.c.h; path = PDFCard.h; sourceTree = "<group>"; };
		FD7AB2C21AE81E95005A4F4B /* PDFCard.m */ = {isa = PBXFileReference; fileEncoding = 4; lastKnownFileType = sourcecode.c.objc; path = PDFCard.m; sourceTree = "<group>"; };
		FD7AB2C31AE81E95005A4F4B /* TextCard.h */ = {isa = PBXFileReference; fileEncoding = 4; lastKnownFileType = sourcecode.c.h; path = TextCard.h; sourceTree = "<group>"; };
		FD7AB2C41AE81E95005A4F4B /* TextCard.m */ = {isa = PBXFileReference; fileEncoding = 4; lastKnownFileType = sourcecode.c.objc; path = TextCard.m; sourceTree = "<group>"; };
		FD7AB2C51AE81E95005A4F4B /* VideoCard.h */ = {isa = PBXFileReference; fileEncoding = 4; lastKnownFileType = sourcecode.c.h; path = VideoCard.h; sourceTree = "<group>"; };
		FD7AB2C61AE81E95005A4F4B /* VideoCard.m */ = {isa = PBXFileReference; fileEncoding = 4; lastKnownFileType = sourcecode.c.objc; path = VideoCard.m; sourceTree = "<group>"; };
		FD7AB2D01AE81EB0005A4F4B /* TextCardAdder.h */ = {isa = PBXFileReference; fileEncoding = 4; lastKnownFileType = sourcecode.c.h; path = TextCardAdder.h; sourceTree = "<group>"; };
		FD7AB2D11AE81EB0005A4F4B /* TextCardAdder.m */ = {isa = PBXFileReference; fileEncoding = 4; lastKnownFileType = sourcecode.c.objc; path = TextCardAdder.m; sourceTree = "<group>"; };
		FD7AB2D61AE8C6D7005A4F4B /* CardAdderFactory.h */ = {isa = PBXFileReference; fileEncoding = 4; lastKnownFileType = sourcecode.c.h; path = CardAdderFactory.h; sourceTree = "<group>"; };
		FD7AB2D71AE8C6D7005A4F4B /* CardAdderFactory.m */ = {isa = PBXFileReference; fileEncoding = 4; lastKnownFileType = sourcecode.c.objc; path = CardAdderFactory.m; sourceTree = "<group>"; };
		FD7AB2DB1AE8CE16005A4F4B /* iCarousel.h */ = {isa = PBXFileReference; fileEncoding = 4; lastKnownFileType = sourcecode.c.h; path = iCarousel.h; sourceTree = "<group>"; };
		FD7AB2DC1AE8CE16005A4F4B /* iCarousel.m */ = {isa = PBXFileReference; fileEncoding = 4; lastKnownFileType = sourcecode.c.objc; path = iCarousel.m; sourceTree = "<group>"; };
		FD8D4BFC1AE8D74F004C3C53 /* CardView.h */ = {isa = PBXFileReference; fileEncoding = 4; lastKnownFileType = sourcecode.c.h; path = CardView.h; sourceTree = "<group>"; };
		FD8D4BFD1AE8D74F004C3C53 /* CardView.m */ = {isa = PBXFileReference; fileEncoding = 4; lastKnownFileType = sourcecode.c.objc; path = CardView.m; sourceTree = "<group>"; };
		FD8D4BFF1AE8D767004C3C53 /* CardView.xib */ = {isa = PBXFileReference; fileEncoding = 4; lastKnownFileType = file.xib; path = CardView.xib; sourceTree = "<group>"; };
/* End PBXFileReference section */

/* Begin PBXFrameworksBuildPhase section */
		FD0F88561AE424490068B03A /* Frameworks */ = {
			isa = PBXFrameworksBuildPhase;
			buildActionMask = 2147483647;
			files = (
				FD0F88C41AE42B5B0068B03A /* CoreData.framework in Frameworks */,
				FD0F88C21AE42B560068B03A /* Foundation.framework in Frameworks */,
				FD0F88C01AE42B4D0068B03A /* UIKit.framework in Frameworks */,
				FD0F88BE1AE42B480068B03A /* Accelerate.framework in Frameworks */,
				FD0F88BC1AE42B440068B03A /* QuartzCore.framework in Frameworks */,
				265F0C4890C05B32FBE1721C /* libPods-RemindToStudy.a in Frameworks */,
			);
			runOnlyForDeploymentPostprocessing = 0;
		};
		FD0F886F1AE424490068B03A /* Frameworks */ = {
			isa = PBXFrameworksBuildPhase;
			buildActionMask = 2147483647;
			files = (
			);
			runOnlyForDeploymentPostprocessing = 0;
		};
/* End PBXFrameworksBuildPhase section */

/* Begin PBXGroup section */
		094232D2B91E564DDC4CB76A /* Pods */ = {
			isa = PBXGroup;
			children = (
				6E5E81804DE582639E861563 /* Pods-RemindToStudy.debug.xcconfig */,
				AD9F000E1FB55B3C738E80D8 /* Pods-RemindToStudy.release.xcconfig */,
			);
			name = Pods;
			sourceTree = "<group>";
		};
		B918A6990226787B4758D4E7 /* Frameworks */ = {
			isa = PBXGroup;
			children = (
				6FE4C267658231E28DE0D918 /* libPods-RemindToStudy.a */,
			);
			name = Frameworks;
			sourceTree = "<group>";
		};
		FD0F88501AE424490068B03A = {
			isa = PBXGroup;
			children = (
				FD0F885B1AE424490068B03A /* RemindToStudy */,
				FD0F88751AE424490068B03A /* RemindToStudyTests */,
				FD0F885A1AE424490068B03A /* Products */,
				094232D2B91E564DDC4CB76A /* Pods */,
				B918A6990226787B4758D4E7 /* Frameworks */,
			);
			sourceTree = "<group>";
		};
		FD0F885A1AE424490068B03A /* Products */ = {
			isa = PBXGroup;
			children = (
				FD0F88591AE424490068B03A /* RemindToStudy.app */,
				FD0F88721AE424490068B03A /* RemindToStudyTests.xctest */,
			);
			name = Products;
			sourceTree = "<group>";
		};
		FD0F885B1AE424490068B03A /* RemindToStudy */ = {
			isa = PBXGroup;
			children = (
				FD5440701AF40BBB0068D644 /* notificationHandler */,
				FD7AB2D91AE8CE16005A4F4B /* thirdParty */,
				FD0F88C51AE42B630068B03A /* frameworks */,
				FD0F88821AE424C30068B03A /* controller */,
				FD0F88831AE424C30068B03A /* model */,
				FD0F88851AE424C30068B03A /* view */,
				FD0F88601AE424490068B03A /* AppDelegate.h */,
				FD0F88611AE424490068B03A /* AppDelegate.m */,
				FD0F88661AE424490068B03A /* Main.storyboard */,
				FD0F88691AE424490068B03A /* Images.xcassets */,
				FD0F886B1AE424490068B03A /* LaunchScreen.xib */,
				FD0F885C1AE424490068B03A /* Supporting Files */,
			);
			path = RemindToStudy;
			sourceTree = "<group>";
		};
		FD0F885C1AE424490068B03A /* Supporting Files */ = {
			isa = PBXGroup;
			children = (
				FD0F885D1AE424490068B03A /* Info.plist */,
				FD0F885E1AE424490068B03A /* main.m */,
				FD5440741AF40ED60068D644 /* Constants.h */,
			);
			name = "Supporting Files";
			sourceTree = "<group>";
		};
		FD0F88751AE424490068B03A /* RemindToStudyTests */ = {
			isa = PBXGroup;
			children = (
				FD0F88781AE424490068B03A /* RemindToStudyTests.m */,
				FD0F88761AE424490068B03A /* Supporting Files */,
			);
			path = RemindToStudyTests;
			sourceTree = "<group>";
		};
		FD0F88761AE424490068B03A /* Supporting Files */ = {
			isa = PBXGroup;
			children = (
				FD0F88771AE424490068B03A /* Info.plist */,
			);
			name = "Supporting Files";
			sourceTree = "<group>";
		};
		FD0F88821AE424C30068B03A /* controller */ = {
			isa = PBXGroup;
			children = (
				FD0F88861AE424DA0068B03A /* CardListViewController.h */,
				FD0F88871AE424DA0068B03A /* CardListViewController.m */,
				FD0F88891AE425220068B03A /* CardViewController.h */,
				FD0F888A1AE425220068B03A /* CardViewController.m */,
			);
			path = controller;
			sourceTree = "<group>";
		};
		FD0F88831AE424C30068B03A /* model */ = {
			isa = PBXGroup;
			children = (
				FD7AB2CF1AE81EB0005A4F4B /* adders */,
				FD7AB2B61AE81E95005A4F4B /* entities */,
				FD0F88C61AE42CF30068B03A /* implementations */,
				FD0F88B61AE429A60068B03A /* CardSaver.h */,
				FD0F88B71AE429B50068B03A /* CardLoader.h */,
				FD0F88B91AE429FF0068B03A /* CardAdder.h */,
				FD7AB2801AE81392005A4F4B /* DBManager.h */,
				FD7AB2811AE81392005A4F4B /* DBManager.m */,
				FD0F888C1AE425E40068B03A /* RemindToStudy.xcdatamodeld */,
				FD7AB2B31AE81657005A4F4B /* CardsFactory.h */,
				FD7AB2B41AE81657005A4F4B /* CardsFactory.m */,
				FD7706B21AEE6AC700790B7D /* NotificationCenter.h */,
				FD7706B31AEE6AC700790B7D /* NotificationCenter.m */,
			);
			path = model;
			sourceTree = "<group>";
		};
		FD0F88851AE424C30068B03A /* view */ = {
			isa = PBXGroup;
			children = (
				FD5440761AF510D70068D644 /* viewers */,
				FD8D4BFB1AE8D429004C3C53 /* cardView */,
				FD0F88D01AE42DF10068B03A /* Implementations */,
				FD0F88B81AE429CB0068B03A /* CardEditor.h */,
				FD0F88A41AE429060068B03A /* AddCardPopup.h */,
				FD0F88A51AE429060068B03A /* AddCardPopup.m */,
				FD0F88A91AE429180068B03A /* EditCardPopup.h */,
				FD0F88AA1AE429180068B03A /* EditCardPopup.m */,
				FD0F88AE1AE429420068B03A /* SetNotificationDatePopup.h */,
				FD0F88AF1AE429420068B03A /* SetNotificationDatePopup.m */,
				FD0F88BA1AE42A2D0068B03A /* CardViewer.h */,
			);
			path = view;
			sourceTree = "<group>";
		};
		FD0F88C51AE42B630068B03A /* frameworks */ = {
			isa = PBXGroup;
			children = (
				FD0F88C31AE42B5B0068B03A /* CoreData.framework */,
				FD0F88C11AE42B560068B03A /* Foundation.framework */,
				FD0F88BF1AE42B4D0068B03A /* UIKit.framework */,
				FD0F88BD1AE42B480068B03A /* Accelerate.framework */,
				FD0F88BB1AE42B440068B03A /* QuartzCore.framework */,
			);
			name = frameworks;
			sourceTree = "<group>";
		};
		FD0F88C61AE42CF30068B03A /* implementations */ = {
			isa = PBXGroup;
			children = (
				FD0F88C71AE42D370068B03A /* CardSaverImplementation.h */,
				FD0F88C81AE42D370068B03A /* CardSaverImplementation.m */,
				FD0F88CA1AE42D4F0068B03A /* CardLoaderImplementation.h */,
				FD0F88CB1AE42D4F0068B03A /* CardLoaderImplementation.m */,
			);
			path = implementations;
			sourceTree = "<group>";
		};
		FD0F88D01AE42DF10068B03A /* Implementations */ = {
			isa = PBXGroup;
			children = (
				FD0F88D41AE42E250068B03A /* editors */,
			);
			path = Implementations;
			sourceTree = "<group>";
		};
		FD0F88D41AE42E250068B03A /* editors */ = {
			isa = PBXGroup;
			children = (
				FD0F88D91AE42E460068B03A /* TextCardEditor.h */,
				FD0F88DA1AE42E460068B03A /* TextCardEditor.m */,
			);
			path = editors;
			sourceTree = "<group>";
		};
		FD5440151AF3916F0068D644 /* keyboardHider */ = {
			isa = PBXGroup;
			children = (
			);
			path = keyboardHider;
			sourceTree = "<group>";
		};
		FD5440491AF3A8C00068D644 /* notifications */ = {
			isa = PBXGroup;
			children = (
				FD54404A1AF3A8DE0068D644 /* BKNotificationCenter */,
			);
			name = notifications;
			sourceTree = "<group>";
		};
		FD54404A1AF3A8DE0068D644 /* BKNotificationCenter */ = {
			isa = PBXGroup;
			children = (
				FD54404B1AF3A8DE0068D644 /* BKNotificationCenter.h */,
				FD54404C1AF3A8DE0068D644 /* implementation */,
				FD54405D1AF3A8DE0068D644 /* Resources */,
			);
			name = BKNotificationCenter;
			path = ../../../BKNotificationCenter/BKNotificationCenter/BKNotificationCenter;
			sourceTree = "<group>";
		};
		FD54404C1AF3A8DE0068D644 /* implementation */ = {
			isa = PBXGroup;
			children = (
				FD54404D1AF3A8DE0068D644 /* BKAlertNotifier.h */,
				FD54404E1AF3A8DE0068D644 /* BKAlertNotifier.m */,
				FD54404F1AF3A8DE0068D644 /* BKNotificationCanceler.h */,
				FD5440501AF3A8DE0068D644 /* BKNotificationCanceler.m */,
				FD5440511AF3A8DE0068D644 /* BKNotificationCenterImp.h */,
				FD5440521AF3A8DE0068D644 /* BKNotificationCenterImp.m */,
				FD5440531AF3A8DE0068D644 /* BKNotificationRefresher.h */,
				FD5440541AF3A8DE0068D644 /* BKNotificationRefresher.m */,
				FD5440551AF3A8DE0068D644 /* BKNotificationScheduler.h */,
				FD5440561AF3A8DE0068D644 /* BKNotificationScheduler.m */,
				FD5440571AF3A8DE0068D644 /* BKNotificationUtilities.h */,
				FD5440581AF3A8DE0068D644 /* BKNotificationUtilities.m */,
				FD5440591AF3A8DE0068D644 /* BKSoundNotifier.h */,
				FD54405A1AF3A8DE0068D644 /* BKSoundNotifier.m */,
				FD54405B1AF3A8DE0068D644 /* Blocks.h */,
			);
			path = implementation;
			sourceTree = "<group>";
		};
		FD54405D1AF3A8DE0068D644 /* Resources */ = {
			isa = PBXGroup;
			children = (
				FD54405E1AF3A8DE0068D644 /* notification_sound.caf */,
			);
			path = Resources;
			sourceTree = "<group>";
		};
		FD5440681AF3A91A0068D644 /* hiders */ = {
			isa = PBXGroup;
			children = (
				FD5440691AF3A92A0068D644 /* KeyboardHiders */,
			);
			name = hiders;
			sourceTree = "<group>";
		};
		FD5440691AF3A92A0068D644 /* KeyboardHiders */ = {
			isa = PBXGroup;
			children = (
				FD54406A1AF3A92A0068D644 /* BKTextFieldKeyboardHider.h */,
				FD54406B1AF3A92A0068D644 /* BKTextFieldKeyboardHider.m */,
				FD54406C1AF3A92A0068D644 /* BKTextViewKeyboardHider.h */,
				FD54406D1AF3A92A0068D644 /* BKTextViewKeyboardHider.m */,
			);
			name = KeyboardHiders;
			path = ../../../KeyboardHiders/KeyboardHiders;
			sourceTree = "<group>";
		};
		FD5440701AF40BBB0068D644 /* notificationHandler */ = {
			isa = PBXGroup;
			children = (
				FD5440711AF40BF20068D644 /* NotificationHandler.h */,
				FD5440721AF40BF20068D644 /* NotificationHandler.m */,
			);
			path = notificationHandler;
			sourceTree = "<group>";
		};
		FD5440761AF510D70068D644 /* viewers */ = {
			isa = PBXGroup;
			children = (
				FD5440771AF510E30068D644 /* TextCardViewer.h */,
				FD5440781AF510E30068D644 /* TextCardViewer.m */,
				FD54407A1AF510F10068D644 /* CardViewerFactory.h */,
				FD54407B1AF510F10068D644 /* CardViewerFactory.m */,
			);
			path = viewers;
			sourceTree = "<group>";
		};
		FD7AB2B61AE81E95005A4F4B /* entities */ = {
			isa = PBXGroup;
			children = (
				FD7AB2B71AE81E95005A4F4B /* AudioCard.h */,
				FD7AB2B81AE81E95005A4F4B /* AudioCard.m */,
				FD7AB2B91AE81E95005A4F4B /* Card.h */,
				FD7AB2BA1AE81E95005A4F4B /* Card.m */,
				FD7AB2BB1AE81E95005A4F4B /* GroupCard.h */,
				FD7AB2BC1AE81E95005A4F4B /* GroupCard.m */,
				FD7AB2BD1AE81E95005A4F4B /* LinkCard.h */,
				FD7AB2BE1AE81E95005A4F4B /* LinkCard.m */,
				FD7AB2BF1AE81E95005A4F4B /* Notification.h */,
				FD7AB2C01AE81E95005A4F4B /* Notification.m */,
				FD7AB2C11AE81E95005A4F4B /* PDFCard.h */,
				FD7AB2C21AE81E95005A4F4B /* PDFCard.m */,
				FD7AB2C31AE81E95005A4F4B /* TextCard.h */,
				FD7AB2C41AE81E95005A4F4B /* TextCard.m */,
				FD7AB2C51AE81E95005A4F4B /* VideoCard.h */,
				FD7AB2C61AE81E95005A4F4B /* VideoCard.m */,
			);
			path = entities;
			sourceTree = "<group>";
		};
		FD7AB2CF1AE81EB0005A4F4B /* adders */ = {
			isa = PBXGroup;
			children = (
				FD7AB2D01AE81EB0005A4F4B /* TextCardAdder.h */,
				FD7AB2D11AE81EB0005A4F4B /* TextCardAdder.m */,
				FD7AB2D61AE8C6D7005A4F4B /* CardAdderFactory.h */,
				FD7AB2D71AE8C6D7005A4F4B /* CardAdderFactory.m */,
			);
			path = adders;
			sourceTree = "<group>";
		};
		FD7AB2D91AE8CE16005A4F4B /* thirdParty */ = {
			isa = PBXGroup;
			children = (
				FD5440681AF3A91A0068D644 /* hiders */,
				FD5440491AF3A8C00068D644 /* notifications */,
				FD5440151AF3916F0068D644 /* keyboardHider */,
				FD7AB2DA1AE8CE16005A4F4B /* iCarousel */,
			);
			path = thirdParty;
			sourceTree = "<group>";
		};
		FD7AB2DA1AE8CE16005A4F4B /* iCarousel */ = {
			isa = PBXGroup;
			children = (
				FD7AB2DB1AE8CE16005A4F4B /* iCarousel.h */,
				FD7AB2DC1AE8CE16005A4F4B /* iCarousel.m */,
			);
			path = iCarousel;
			sourceTree = "<group>";
		};
		FD8D4BFB1AE8D429004C3C53 /* cardView */ = {
			isa = PBXGroup;
			children = (
				FD8D4BFC1AE8D74F004C3C53 /* CardView.h */,
				FD8D4BFD1AE8D74F004C3C53 /* CardView.m */,
				FD8D4BFF1AE8D767004C3C53 /* CardView.xib */,
			);
			path = cardView;
			sourceTree = "<group>";
		};
/* End PBXGroup section */

/* Begin PBXNativeTarget section */
		FD0F88581AE424490068B03A /* RemindToStudy */ = {
			isa = PBXNativeTarget;
			buildConfigurationList = FD0F887C1AE424490068B03A /* Build configuration list for PBXNativeTarget "RemindToStudy" */;
			buildPhases = (
				3871D2309C10EFFEA5673D7B /* Check Pods Manifest.lock */,
				FD0F88551AE424490068B03A /* Sources */,
				FD0F88561AE424490068B03A /* Frameworks */,
				FD0F88571AE424490068B03A /* Resources */,
				B0AEB96DADBD8DA728422304 /* Copy Pods Resources */,
			);
			buildRules = (
			);
			dependencies = (
			);
			name = RemindToStudy;
			productName = RemindToStudy;
			productReference = FD0F88591AE424490068B03A /* RemindToStudy.app */;
			productType = "com.apple.product-type.application";
		};
		FD0F88711AE424490068B03A /* RemindToStudyTests */ = {
			isa = PBXNativeTarget;
			buildConfigurationList = FD0F887F1AE424490068B03A /* Build configuration list for PBXNativeTarget "RemindToStudyTests" */;
			buildPhases = (
				FD0F886E1AE424490068B03A /* Sources */,
				FD0F886F1AE424490068B03A /* Frameworks */,
				FD0F88701AE424490068B03A /* Resources */,
			);
			buildRules = (
			);
			dependencies = (
				FD0F88741AE424490068B03A /* PBXTargetDependency */,
			);
			name = RemindToStudyTests;
			productName = RemindToStudyTests;
			productReference = FD0F88721AE424490068B03A /* RemindToStudyTests.xctest */;
			productType = "com.apple.product-type.bundle.unit-test";
		};
/* End PBXNativeTarget section */

/* Begin PBXProject section */
		FD0F88511AE424490068B03A /* Project object */ = {
			isa = PBXProject;
			attributes = {
				LastUpgradeCheck = 0620;
				ORGANIZATIONNAME = black9;
				TargetAttributes = {
					FD0F88581AE424490068B03A = {
						CreatedOnToolsVersion = 6.2;
					};
					FD0F88711AE424490068B03A = {
						CreatedOnToolsVersion = 6.2;
						TestTargetID = FD0F88581AE424490068B03A;
					};
				};
			};
			buildConfigurationList = FD0F88541AE424490068B03A /* Build configuration list for PBXProject "RemindToStudy" */;
			compatibilityVersion = "Xcode 3.2";
			developmentRegion = English;
			hasScannedForEncodings = 0;
			knownRegions = (
				en,
				Base,
			);
			mainGroup = FD0F88501AE424490068B03A;
			productRefGroup = FD0F885A1AE424490068B03A /* Products */;
			projectDirPath = "";
			projectRoot = "";
			targets = (
				FD0F88581AE424490068B03A /* RemindToStudy */,
				FD0F88711AE424490068B03A /* RemindToStudyTests */,
			);
		};
/* End PBXProject section */

/* Begin PBXResourcesBuildPhase section */
		FD0F88571AE424490068B03A /* Resources */ = {
			isa = PBXResourcesBuildPhase;
			buildActionMask = 2147483647;
			files = (
				FD0F88681AE424490068B03A /* Main.storyboard in Resources */,
				FD0F886D1AE424490068B03A /* LaunchScreen.xib in Resources */,
				FD8D4C001AE8D767004C3C53 /* CardView.xib in Resources */,
				FD5440671AF3A8DE0068D644 /* notification_sound.caf in Resources */,
				FD0F886A1AE424490068B03A /* Images.xcassets in Resources */,
			);
			runOnlyForDeploymentPostprocessing = 0;
		};
		FD0F88701AE424490068B03A /* Resources */ = {
			isa = PBXResourcesBuildPhase;
			buildActionMask = 2147483647;
			files = (
			);
			runOnlyForDeploymentPostprocessing = 0;
		};
/* End PBXResourcesBuildPhase section */

/* Begin PBXShellScriptBuildPhase section */
		3871D2309C10EFFEA5673D7B /* Check Pods Manifest.lock */ = {
			isa = PBXShellScriptBuildPhase;
			buildActionMask = 2147483647;
			files = (
			);
			inputPaths = (
			);
			name = "Check Pods Manifest.lock";
			outputPaths = (
			);
			runOnlyForDeploymentPostprocessing = 0;
			shellPath = /bin/sh;
			shellScript = "diff \"${PODS_ROOT}/../Podfile.lock\" \"${PODS_ROOT}/Manifest.lock\" > /dev/null\nif [[ $? != 0 ]] ; then\n    cat << EOM\nerror: The sandbox is not in sync with the Podfile.lock. Run 'pod install' or update your CocoaPods installation.\nEOM\n    exit 1\nfi\n";
			showEnvVarsInLog = 0;
		};
		B0AEB96DADBD8DA728422304 /* Copy Pods Resources */ = {
			isa = PBXShellScriptBuildPhase;
			buildActionMask = 2147483647;
			files = (
			);
			inputPaths = (
			);
			name = "Copy Pods Resources";
			outputPaths = (
			);
			runOnlyForDeploymentPostprocessing = 0;
			shellPath = /bin/sh;
			shellScript = "\"${SRCROOT}/Pods/Target Support Files/Pods-RemindToStudy/Pods-RemindToStudy-resources.sh\"\n";
			showEnvVarsInLog = 0;
		};
/* End PBXShellScriptBuildPhase section */

/* Begin PBXSourcesBuildPhase section */
		FD0F88551AE424490068B03A /* Sources */ = {
			isa = PBXSourcesBuildPhase;
			buildActionMask = 2147483647;
			files = (
				FD5440791AF510E30068D644 /* TextCardViewer.m in Sources */,
				FD5440621AF3A8DE0068D644 /* BKNotificationRefresher.m in Sources */,
				FD0F88A71AE429060068B03A /* AddCardPopup.m in Sources */,
				FD0F88B11AE429420068B03A /* SetNotificationDatePopup.m in Sources */,
				FD7AB2C71AE81E95005A4F4B /* AudioCard.m in Sources */,
				FD0F88C91AE42D370068B03A /* CardSaverImplementation.m in Sources */,
				FD5440601AF3A8DE0068D644 /* BKNotificationCanceler.m in Sources */,
				FD7AB2C81AE81E95005A4F4B /* Card.m in Sources */,
				FD5440611AF3A8DE0068D644 /* BKNotificationCenterImp.m in Sources */,
				FD54406E1AF3A92A0068D644 /* BKTextFieldKeyboardHider.m in Sources */,
				FD0F88AC1AE429180068B03A /* EditCardPopup.m in Sources */,
				FD0F888B1AE425220068B03A /* CardViewController.m in Sources */,
				FD54406F1AF3A92A0068D644 /* BKTextViewKeyboardHider.m in Sources */,
				FD7AB2CC1AE81E95005A4F4B /* PDFCard.m in Sources */,
				FD0F88881AE424DA0068B03A /* CardListViewController.m in Sources */,
				FD5440641AF3A8DE0068D644 /* BKNotificationUtilities.m in Sources */,
				FD7AB2D21AE81EB0005A4F4B /* TextCardAdder.m in Sources */,
				FD7AB2CA1AE81E95005A4F4B /* LinkCard.m in Sources */,
				FD7AB2DD1AE8CE16005A4F4B /* iCarousel.m in Sources */,
				FD7AB2821AE81392005A4F4B /* DBManager.m in Sources */,
				FD7AB2CD1AE81E95005A4F4B /* TextCard.m in Sources */,
				FD7706B41AEE6AC700790B7D /* NotificationCenter.m in Sources */,
				FD0F88DB1AE42E460068B03A /* TextCardEditor.m in Sources */,
				FD7AB2CB1AE81E95005A4F4B /* Notification.m in Sources */,
				FD5440731AF40BF20068D644 /* NotificationHandler.m in Sources */,
				FD0F88621AE424490068B03A /* AppDelegate.m in Sources */,
				FD54407C1AF510F10068D644 /* CardViewerFactory.m in Sources */,
				FD5440651AF3A8DE0068D644 /* BKSoundNotifier.m in Sources */,
				FD5440631AF3A8DE0068D644 /* BKNotificationScheduler.m in Sources */,
				FD8D4BFE1AE8D74F004C3C53 /* CardView.m in Sources */,
				FD0F888E1AE425E40068B03A /* RemindToStudy.xcdatamodeld in Sources */,
				FD7AB2B51AE81657005A4F4B /* CardsFactory.m in Sources */,
				FD7AB2C91AE81E95005A4F4B /* GroupCard.m in Sources */,
				FD7AB2CE1AE81E95005A4F4B /* VideoCard.m in Sources */,
				FD0F88CC1AE42D4F0068B03A /* CardLoaderImplementation.m in Sources */,
				FD0F885F1AE424490068B03A /* main.m in Sources */,
				FD7AB2D81AE8C6D7005A4F4B /* CardAdderFactory.m in Sources */,
				FD54405F1AF3A8DE0068D644 /* BKAlertNotifier.m in Sources */,
			);
			runOnlyForDeploymentPostprocessing = 0;
		};
		FD0F886E1AE424490068B03A /* Sources */ = {
			isa = PBXSourcesBuildPhase;
			buildActionMask = 2147483647;
			files = (
				FD0F88791AE424490068B03A /* RemindToStudyTests.m in Sources */,
			);
			runOnlyForDeploymentPostprocessing = 0;
		};
/* End PBXSourcesBuildPhase section */

/* Begin PBXTargetDependency section */
		FD0F88741AE424490068B03A /* PBXTargetDependency */ = {
			isa = PBXTargetDependency;
			target = FD0F88581AE424490068B03A /* RemindToStudy */;
			targetProxy = FD0F88731AE424490068B03A /* PBXContainerItemProxy */;
		};
/* End PBXTargetDependency section */

/* Begin PBXVariantGroup section */
		FD0F88661AE424490068B03A /* Main.storyboard */ = {
			isa = PBXVariantGroup;
			children = (
				FD0F88671AE424490068B03A /* Base */,
			);
			name = Main.storyboard;
			sourceTree = "<group>";
		};
		FD0F886B1AE424490068B03A /* LaunchScreen.xib */ = {
			isa = PBXVariantGroup;
			children = (
				FD0F886C1AE424490068B03A /* Base */,
			);
			name = LaunchScreen.xib;
			sourceTree = "<group>";
		};
/* End PBXVariantGroup section */

/* Begin XCBuildConfiguration section */
		FD0F887A1AE424490068B03A /* Debug */ = {
			isa = XCBuildConfiguration;
			buildSettings = {
				ALWAYS_SEARCH_USER_PATHS = NO;
				CLANG_CXX_LANGUAGE_STANDARD = "gnu++0x";
				CLANG_CXX_LIBRARY = "libc++";
				CLANG_ENABLE_MODULES = YES;
				CLANG_ENABLE_OBJC_ARC = YES;
				CLANG_WARN_BOOL_CONVERSION = YES;
				CLANG_WARN_CONSTANT_CONVERSION = YES;
				CLANG_WARN_DIRECT_OBJC_ISA_USAGE = YES_ERROR;
				CLANG_WARN_EMPTY_BODY = YES;
				CLANG_WARN_ENUM_CONVERSION = YES;
				CLANG_WARN_INT_CONVERSION = YES;
				CLANG_WARN_OBJC_ROOT_CLASS = YES_ERROR;
				CLANG_WARN_UNREACHABLE_CODE = YES;
				CLANG_WARN__DUPLICATE_METHOD_MATCH = YES;
				"CODE_SIGN_IDENTITY[sdk=iphoneos*]" = "iPhone Developer";
				COPY_PHASE_STRIP = NO;
				ENABLE_STRICT_OBJC_MSGSEND = YES;
				GCC_C_LANGUAGE_STANDARD = gnu99;
				GCC_DYNAMIC_NO_PIC = NO;
				GCC_OPTIMIZATION_LEVEL = 0;
				GCC_PREPROCESSOR_DEFINITIONS = (
					"DEBUG=1",
					"$(inherited)",
				);
				GCC_SYMBOLS_PRIVATE_EXTERN = NO;
				GCC_WARN_64_TO_32_BIT_CONVERSION = YES;
				GCC_WARN_ABOUT_RETURN_TYPE = YES_ERROR;
				GCC_WARN_UNDECLARED_SELECTOR = YES;
				GCC_WARN_UNINITIALIZED_AUTOS = YES_AGGRESSIVE;
				GCC_WARN_UNUSED_FUNCTION = YES;
				GCC_WARN_UNUSED_VARIABLE = YES;
				IPHONEOS_DEPLOYMENT_TARGET = 7.0;
				MTL_ENABLE_DEBUG_INFO = YES;
				ONLY_ACTIVE_ARCH = YES;
				SDKROOT = iphoneos;
			};
			name = Debug;
		};
		FD0F887B1AE424490068B03A /* Release */ = {
			isa = XCBuildConfiguration;
			buildSettings = {
				ALWAYS_SEARCH_USER_PATHS = NO;
				CLANG_CXX_LANGUAGE_STANDARD = "gnu++0x";
				CLANG_CXX_LIBRARY = "libc++";
				CLANG_ENABLE_MODULES = YES;
				CLANG_ENABLE_OBJC_ARC = YES;
				CLANG_WARN_BOOL_CONVERSION = YES;
				CLANG_WARN_CONSTANT_CONVERSION = YES;
				CLANG_WARN_DIRECT_OBJC_ISA_USAGE = YES_ERROR;
				CLANG_WARN_EMPTY_BODY = YES;
				CLANG_WARN_ENUM_CONVERSION = YES;
				CLANG_WARN_INT_CONVERSION = YES;
				CLANG_WARN_OBJC_ROOT_CLASS = YES_ERROR;
				CLANG_WARN_UNREACHABLE_CODE = YES;
				CLANG_WARN__DUPLICATE_METHOD_MATCH = YES;
				"CODE_SIGN_IDENTITY[sdk=iphoneos*]" = "iPhone Developer";
				COPY_PHASE_STRIP = NO;
				ENABLE_NS_ASSERTIONS = NO;
				ENABLE_STRICT_OBJC_MSGSEND = YES;
				GCC_C_LANGUAGE_STANDARD = gnu99;
				GCC_WARN_64_TO_32_BIT_CONVERSION = YES;
				GCC_WARN_ABOUT_RETURN_TYPE = YES_ERROR;
				GCC_WARN_UNDECLARED_SELECTOR = YES;
				GCC_WARN_UNINITIALIZED_AUTOS = YES_AGGRESSIVE;
				GCC_WARN_UNUSED_FUNCTION = YES;
				GCC_WARN_UNUSED_VARIABLE = YES;
				IPHONEOS_DEPLOYMENT_TARGET = 7.0;
				MTL_ENABLE_DEBUG_INFO = NO;
				SDKROOT = iphoneos;
				VALIDATE_PRODUCT = YES;
			};
			name = Release;
		};
		FD0F887D1AE424490068B03A /* Debug */ = {
			isa = XCBuildConfiguration;
			baseConfigurationReference = 6E5E81804DE582639E861563 /* Pods-RemindToStudy.debug.xcconfig */;
			buildSettings = {
				ASSETCATALOG_COMPILER_APPICON_NAME = AppIcon;
				CODE_SIGN_IDENTITY = "iPhone Developer";
				INFOPLIST_FILE = RemindToStudy/Info.plist;
				IPHONEOS_DEPLOYMENT_TARGET = 7.0;
				LD_RUNPATH_SEARCH_PATHS = "$(inherited) @executable_path/Frameworks";
				PRODUCT_NAME = "$(TARGET_NAME)";
				PROVISIONING_PROFILE = "b8dec804-9f46-43e0-b071-57528176caf7";
			};
			name = Debug;
		};
		FD0F887E1AE424490068B03A /* Release */ = {
			isa = XCBuildConfiguration;
			baseConfigurationReference = AD9F000E1FB55B3C738E80D8 /* Pods-RemindToStudy.release.xcconfig */;
			buildSettings = {
				ASSETCATALOG_COMPILER_APPICON_NAME = AppIcon;
				CODE_SIGN_IDENTITY = "iPhone Developer";
				INFOPLIST_FILE = RemindToStudy/Info.plist;
				IPHONEOS_DEPLOYMENT_TARGET = 7.0;
				LD_RUNPATH_SEARCH_PATHS = "$(inherited) @executable_path/Frameworks";
				PRODUCT_NAME = "$(TARGET_NAME)";
				PROVISIONING_PROFILE = "b8dec804-9f46-43e0-b071-57528176caf7";
			};
			name = Release;
		};
		FD0F88801AE424490068B03A /* Debug */ = {
			isa = XCBuildConfiguration;
			buildSettings = {
				BUNDLE_LOADER = "$(TEST_HOST)";
				FRAMEWORK_SEARCH_PATHS = (
					"$(SDKROOT)/Developer/Library/Frameworks",
					"$(inherited)",
				);
				GCC_PREPROCESSOR_DEFINITIONS = (
					"DEBUG=1",
					"$(inherited)",
				);
				INFOPLIST_FILE = RemindToStudyTests/Info.plist;
				LD_RUNPATH_SEARCH_PATHS = "$(inherited) @executable_path/Frameworks @loader_path/Frameworks";
				PRODUCT_NAME = "$(TARGET_NAME)";
				TEST_HOST = "$(BUILT_PRODUCTS_DIR)/RemindToStudy.app/RemindToStudy";
			};
			name = Debug;
		};
		FD0F88811AE424490068B03A /* Release */ = {
			isa = XCBuildConfiguration;
			buildSettings = {
				BUNDLE_LOADER = "$(TEST_HOST)";
				FRAMEWORK_SEARCH_PATHS = (
					"$(SDKROOT)/Developer/Library/Frameworks",
					"$(inherited)",
				);
				INFOPLIST_FILE = RemindToStudyTests/Info.plist;
				LD_RUNPATH_SEARCH_PATHS = "$(inherited) @executable_path/Frameworks @loader_path/Frameworks";
				PRODUCT_NAME = "$(TARGET_NAME)";
				TEST_HOST = "$(BUILT_PRODUCTS_DIR)/RemindToStudy.app/RemindToStudy";
			};
			name = Release;
		};
/* End XCBuildConfiguration section */

/* Begin XCConfigurationList section */
		FD0F88541AE424490068B03A /* Build configuration list for PBXProject "RemindToStudy" */ = {
			isa = XCConfigurationList;
			buildConfigurations = (
				FD0F887A1AE424490068B03A /* Debug */,
				FD0F887B1AE424490068B03A /* Release */,
			);
			defaultConfigurationIsVisible = 0;
			defaultConfigurationName = Release;
		};
		FD0F887C1AE424490068B03A /* Build configuration list for PBXNativeTarget "RemindToStudy" */ = {
			isa = XCConfigurationList;
			buildConfigurations = (
				FD0F887D1AE424490068B03A /* Debug */,
				FD0F887E1AE424490068B03A /* Release */,
			);
			defaultConfigurationIsVisible = 0;
			defaultConfigurationName = Release;
		};
		FD0F887F1AE424490068B03A /* Build configuration list for PBXNativeTarget "RemindToStudyTests" */ = {
			isa = XCConfigurationList;
			buildConfigurations = (
				FD0F88801AE424490068B03A /* Debug */,
				FD0F88811AE424490068B03A /* Release */,
			);
			defaultConfigurationIsVisible = 0;
			defaultConfigurationName = Release;
		};
/* End XCConfigurationList section */

/* Begin XCVersionGroup section */
		FD0F888C1AE425E40068B03A /* RemindToStudy.xcdatamodeld */ = {
			isa = XCVersionGroup;
			children = (
				FD0F888D1AE425E40068B03A /* RemindToStudy.xcdatamodel */,
			);
			currentVersion = FD0F888D1AE425E40068B03A /* RemindToStudy.xcdatamodel */;
			path = RemindToStudy.xcdatamodeld;
			sourceTree = "<group>";
			versionGroupType = wrapper.xcdatamodel;
		};
/* End XCVersionGroup section */
	};
	rootObject = FD0F88511AE424490068B03A /* Project object */;
}
